// !$*UTF8*$!
{
	archiveVersion = 1;
	classes = {
	};
	objectVersion = 52;
	objects = {

/* Begin PBXBuildFile section */
		30271BDA25CB872600A9D4E8 /* SnapshotTesting.xcframework in Embed Frameworks */ = {isa = PBXBuildFile; fileRef = 30271BD925CB872600A9D4E8 /* SnapshotTesting.xcframework */; settings = {ATTRIBUTES = (CodeSignOnCopy, RemoveHeadersOnCopy, ); }; };
		30271BDD25CB874000A9D4E8 /* SnapshotTesting.xcframework in Frameworks */ = {isa = PBXBuildFile; fileRef = 30271BD925CB872600A9D4E8 /* SnapshotTesting.xcframework */; };
		30271BE125CB879500A9D4E8 /* CommitsViewControllerSnapShotTests.swift in Sources */ = {isa = PBXBuildFile; fileRef = 30271BE025CB879500A9D4E8 /* CommitsViewControllerSnapShotTests.swift */; };
		30271BED25CB8A6500A9D4E8 /* FakeGitCommitsViewModel.swift in Sources */ = {isa = PBXBuildFile; fileRef = 30271BEC25CB8A6500A9D4E8 /* FakeGitCommitsViewModel.swift */; };
		30814E9125CB05C200466D9C /* BaseViewController.swift in Sources */ = {isa = PBXBuildFile; fileRef = 30814E9025CB05C200466D9C /* BaseViewController.swift */; };
		30814E9625CB05D200466D9C /* CommitsViewController.swift in Sources */ = {isa = PBXBuildFile; fileRef = 30814E9525CB05D200466D9C /* CommitsViewController.swift */; };
		30814E9B25CB05E000466D9C /* CommitsView.swift in Sources */ = {isa = PBXBuildFile; fileRef = 30814E9A25CB05E000466D9C /* CommitsView.swift */; };
		30814EA525CB067600466D9C /* SnapKit.xcframework in Frameworks */ = {isa = PBXBuildFile; fileRef = 30814EA025CB067600466D9C /* SnapKit.xcframework */; };
		30814EA625CB067600466D9C /* SnapKit.xcframework in Embed Frameworks */ = {isa = PBXBuildFile; fileRef = 30814EA025CB067600466D9C /* SnapKit.xcframework */; settings = {ATTRIBUTES = (CodeSignOnCopy, RemoveHeadersOnCopy, ); }; };
		30814EA725CB067600466D9C /* RxBlocking.xcframework in Frameworks */ = {isa = PBXBuildFile; fileRef = 30814EA125CB067600466D9C /* RxBlocking.xcframework */; };
		30814EA825CB067600466D9C /* RxBlocking.xcframework in Embed Frameworks */ = {isa = PBXBuildFile; fileRef = 30814EA125CB067600466D9C /* RxBlocking.xcframework */; settings = {ATTRIBUTES = (CodeSignOnCopy, RemoveHeadersOnCopy, ); }; };
		30814EA925CB067600466D9C /* RxCocoa.xcframework in Frameworks */ = {isa = PBXBuildFile; fileRef = 30814EA225CB067600466D9C /* RxCocoa.xcframework */; };
		30814EAA25CB067600466D9C /* RxCocoa.xcframework in Embed Frameworks */ = {isa = PBXBuildFile; fileRef = 30814EA225CB067600466D9C /* RxCocoa.xcframework */; settings = {ATTRIBUTES = (CodeSignOnCopy, RemoveHeadersOnCopy, ); }; };
		30814EAB25CB067600466D9C /* RxRelay.xcframework in Frameworks */ = {isa = PBXBuildFile; fileRef = 30814EA325CB067600466D9C /* RxRelay.xcframework */; };
		30814EAC25CB067600466D9C /* RxRelay.xcframework in Embed Frameworks */ = {isa = PBXBuildFile; fileRef = 30814EA325CB067600466D9C /* RxRelay.xcframework */; settings = {ATTRIBUTES = (CodeSignOnCopy, RemoveHeadersOnCopy, ); }; };
		30814EAD25CB067600466D9C /* RxSwift.xcframework in Frameworks */ = {isa = PBXBuildFile; fileRef = 30814EA425CB067600466D9C /* RxSwift.xcframework */; };
		30814EAE25CB067600466D9C /* RxSwift.xcframework in Embed Frameworks */ = {isa = PBXBuildFile; fileRef = 30814EA425CB067600466D9C /* RxSwift.xcframework */; settings = {ATTRIBUTES = (CodeSignOnCopy, RemoveHeadersOnCopy, ); }; };
		30814EBA25CB0D4600466D9C /* NetworkClientele.swift in Sources */ = {isa = PBXBuildFile; fileRef = 30814EB925CB0D4600466D9C /* NetworkClientele.swift */; };
		30814EBE25CB0D7500466D9C /* Endpoint.swift in Sources */ = {isa = PBXBuildFile; fileRef = 30814EBD25CB0D7500466D9C /* Endpoint.swift */; };
		30814EC225CB0E3500466D9C /* NetworkClient.swift in Sources */ = {isa = PBXBuildFile; fileRef = 30814EC125CB0E3500466D9C /* NetworkClient.swift */; };
		30814EC925CB1D5100466D9C /* CommitsError.swift in Sources */ = {isa = PBXBuildFile; fileRef = 30814EC825CB1D5100466D9C /* CommitsError.swift */; };
		30814ECF25CB1EC400466D9C /* NetworkClientTests.swift in Sources */ = {isa = PBXBuildFile; fileRef = 30814ECE25CB1EC400466D9C /* NetworkClientTests.swift */; };
		30814ED625CB23EE00466D9C /* MockGenericCodableResponse.swift in Sources */ = {isa = PBXBuildFile; fileRef = 30814ED525CB23EE00466D9C /* MockGenericCodableResponse.swift */; };
		30814EDD25CB24E800466D9C /* Result+Value.swift in Sources */ = {isa = PBXBuildFile; fileRef = 30814EDC25CB24E800466D9C /* Result+Value.swift */; };
		30814EE125CB264E00466D9C /* FakeURLResponse.swift in Sources */ = {isa = PBXBuildFile; fileRef = 30814EE025CB264E00466D9C /* FakeURLResponse.swift */; };
		30814EE525CB29F000466D9C /* MockURLSession.swift in Sources */ = {isa = PBXBuildFile; fileRef = 30814EE425CB29F000466D9C /* MockURLSession.swift */; };
		30814EE925CB2D3100466D9C /* MockEndpoints.swift in Sources */ = {isa = PBXBuildFile; fileRef = 30814EE825CB2D3100466D9C /* MockEndpoints.swift */; };
		30814EEE25CB349B00466D9C /* CommitsResponse.swift in Sources */ = {isa = PBXBuildFile; fileRef = 30814EED25CB349B00466D9C /* CommitsResponse.swift */; };
		30814EF225CB389600466D9C /* CommitsEndpoint.swift in Sources */ = {isa = PBXBuildFile; fileRef = 30814EF125CB389600466D9C /* CommitsEndpoint.swift */; };
		30814EF625CB3D1F00466D9C /* CommitsEndpointTests.swift in Sources */ = {isa = PBXBuildFile; fileRef = 30814EF525CB3D1F00466D9C /* CommitsEndpointTests.swift */; };
		30814EFA25CB40CC00466D9C /* GitClient.swift in Sources */ = {isa = PBXBuildFile; fileRef = 30814EF925CB40CC00466D9C /* GitClient.swift */; };
		30814EFE25CB40F000466D9C /* GitClientele.swift in Sources */ = {isa = PBXBuildFile; fileRef = 30814EFD25CB40F000466D9C /* GitClientele.swift */; };
		30814F0225CB434000466D9C /* GitClientTests.swift in Sources */ = {isa = PBXBuildFile; fileRef = 30814F0125CB434000466D9C /* GitClientTests.swift */; };
		30814F0625CB43A700466D9C /* MockNetworkClient.swift in Sources */ = {isa = PBXBuildFile; fileRef = 30814F0525CB43A700466D9C /* MockNetworkClient.swift */; };
		30814F0E25CB460300466D9C /* FakeNetworkClient.swift in Sources */ = {isa = PBXBuildFile; fileRef = 30814F0D25CB460300466D9C /* FakeNetworkClient.swift */; };
		30814F1325CB4E6A00466D9C /* GitCommitsJson.swift in Sources */ = {isa = PBXBuildFile; fileRef = 30814F1225CB4E6A00466D9C /* GitCommitsJson.swift */; };
		30814F1A25CB510500466D9C /* GitCommitsViewModel.swift in Sources */ = {isa = PBXBuildFile; fileRef = 30814F1925CB510500466D9C /* GitCommitsViewModel.swift */; };
		30814F1E25CB512300466D9C /* GitCommitsViewModelProtocol.swift in Sources */ = {isa = PBXBuildFile; fileRef = 30814F1D25CB512300466D9C /* GitCommitsViewModelProtocol.swift */; };
		30814F2225CB526200466D9C /* GitCommitsViewModelTests.swift in Sources */ = {isa = PBXBuildFile; fileRef = 30814F2125CB526200466D9C /* GitCommitsViewModelTests.swift */; };
		30814F2825CB527B00466D9C /* MockGitClient.swift in Sources */ = {isa = PBXBuildFile; fileRef = 30814F2725CB527B00466D9C /* MockGitClient.swift */; };
		30814F2C25CB543C00466D9C /* FakeGitClient.swift in Sources */ = {isa = PBXBuildFile; fileRef = 30814F2B25CB543C00466D9C /* FakeGitClient.swift */; };
		30814F3625CB5EB900466D9C /* CommitsModel.swift in Sources */ = {isa = PBXBuildFile; fileRef = 30814F3525CB5EB900466D9C /* CommitsModel.swift */; };
		30814F3A25CB614C00466D9C /* CommitsCell.swift in Sources */ = {isa = PBXBuildFile; fileRef = 30814F3925CB614C00466D9C /* CommitsCell.swift */; };
		30DED6E525CA3B51008149C5 /* AppDelegate.swift in Sources */ = {isa = PBXBuildFile; fileRef = 30DED6E425CA3B51008149C5 /* AppDelegate.swift */; };
		30DED6E725CA3B51008149C5 /* SceneDelegate.swift in Sources */ = {isa = PBXBuildFile; fileRef = 30DED6E625CA3B51008149C5 /* SceneDelegate.swift */; };
		30DED6EE25CA3B53008149C5 /* Assets.xcassets in Resources */ = {isa = PBXBuildFile; fileRef = 30DED6ED25CA3B53008149C5 /* Assets.xcassets */; };
		30DED6F125CA3B53008149C5 /* LaunchScreen.storyboard in Resources */ = {isa = PBXBuildFile; fileRef = 30DED6EF25CA3B53008149C5 /* LaunchScreen.storyboard */; };
		30DED70725CA3B54008149C5 /* GMCodingAppUITests.swift in Sources */ = {isa = PBXBuildFile; fileRef = 30DED70625CA3B54008149C5 /* GMCodingAppUITests.swift */; };
/* End PBXBuildFile section */

/* Begin PBXContainerItemProxy section */
		30DED6F825CA3B54008149C5 /* PBXContainerItemProxy */ = {
			isa = PBXContainerItemProxy;
			containerPortal = 30DED6D925CA3B51008149C5 /* Project object */;
			proxyType = 1;
			remoteGlobalIDString = 30DED6E025CA3B51008149C5;
			remoteInfo = GMCodingApp;
		};
		30DED70325CA3B54008149C5 /* PBXContainerItemProxy */ = {
			isa = PBXContainerItemProxy;
			containerPortal = 30DED6D925CA3B51008149C5 /* Project object */;
			proxyType = 1;
			remoteGlobalIDString = 30DED6E025CA3B51008149C5;
			remoteInfo = GMCodingApp;
		};
/* End PBXContainerItemProxy section */

/* Begin PBXCopyFilesBuildPhase section */
		30814EAF25CB067600466D9C /* Embed Frameworks */ = {
			isa = PBXCopyFilesBuildPhase;
			buildActionMask = 2147483647;
			dstPath = "";
			dstSubfolderSpec = 10;
			files = (
				30271BDA25CB872600A9D4E8 /* SnapshotTesting.xcframework in Embed Frameworks */,
				30814EAE25CB067600466D9C /* RxSwift.xcframework in Embed Frameworks */,
				30814EA825CB067600466D9C /* RxBlocking.xcframework in Embed Frameworks */,
				30814EAC25CB067600466D9C /* RxRelay.xcframework in Embed Frameworks */,
				30814EA625CB067600466D9C /* SnapKit.xcframework in Embed Frameworks */,
				30814EAA25CB067600466D9C /* RxCocoa.xcframework in Embed Frameworks */,
			);
			name = "Embed Frameworks";
			runOnlyForDeploymentPostprocessing = 0;
		};
/* End PBXCopyFilesBuildPhase section */

/* Begin PBXFileReference section */
		30271BD925CB872600A9D4E8 /* SnapshotTesting.xcframework */ = {isa = PBXFileReference; lastKnownFileType = wrapper.xcframework; name = SnapshotTesting.xcframework; path = Carthage/Build/SnapshotTesting.xcframework; sourceTree = "<group>"; };
		30271BE025CB879500A9D4E8 /* CommitsViewControllerSnapShotTests.swift */ = {isa = PBXFileReference; lastKnownFileType = sourcecode.swift; path = CommitsViewControllerSnapShotTests.swift; sourceTree = "<group>"; };
		30271BEC25CB8A6500A9D4E8 /* FakeGitCommitsViewModel.swift */ = {isa = PBXFileReference; lastKnownFileType = sourcecode.swift; path = FakeGitCommitsViewModel.swift; sourceTree = "<group>"; };
		30814E9025CB05C200466D9C /* BaseViewController.swift */ = {isa = PBXFileReference; lastKnownFileType = sourcecode.swift; path = BaseViewController.swift; sourceTree = "<group>"; };
		30814E9525CB05D200466D9C /* CommitsViewController.swift */ = {isa = PBXFileReference; lastKnownFileType = sourcecode.swift; path = CommitsViewController.swift; sourceTree = "<group>"; };
		30814E9A25CB05E000466D9C /* CommitsView.swift */ = {isa = PBXFileReference; lastKnownFileType = sourcecode.swift; path = CommitsView.swift; sourceTree = "<group>"; };
		30814EA025CB067600466D9C /* SnapKit.xcframework */ = {isa = PBXFileReference; lastKnownFileType = wrapper.xcframework; name = SnapKit.xcframework; path = Carthage/Build/SnapKit.xcframework; sourceTree = "<group>"; };
		30814EA125CB067600466D9C /* RxBlocking.xcframework */ = {isa = PBXFileReference; lastKnownFileType = wrapper.xcframework; name = RxBlocking.xcframework; path = Carthage/Build/RxBlocking.xcframework; sourceTree = "<group>"; };
		30814EA225CB067600466D9C /* RxCocoa.xcframework */ = {isa = PBXFileReference; lastKnownFileType = wrapper.xcframework; name = RxCocoa.xcframework; path = Carthage/Build/RxCocoa.xcframework; sourceTree = "<group>"; };
		30814EA325CB067600466D9C /* RxRelay.xcframework */ = {isa = PBXFileReference; lastKnownFileType = wrapper.xcframework; name = RxRelay.xcframework; path = Carthage/Build/RxRelay.xcframework; sourceTree = "<group>"; };
		30814EA425CB067600466D9C /* RxSwift.xcframework */ = {isa = PBXFileReference; lastKnownFileType = wrapper.xcframework; name = RxSwift.xcframework; path = Carthage/Build/RxSwift.xcframework; sourceTree = "<group>"; };
		30814EB925CB0D4600466D9C /* NetworkClientele.swift */ = {isa = PBXFileReference; lastKnownFileType = sourcecode.swift; path = NetworkClientele.swift; sourceTree = "<group>"; };
		30814EBD25CB0D7500466D9C /* Endpoint.swift */ = {isa = PBXFileReference; lastKnownFileType = sourcecode.swift; path = Endpoint.swift; sourceTree = "<group>"; };
		30814EC125CB0E3500466D9C /* NetworkClient.swift */ = {isa = PBXFileReference; lastKnownFileType = sourcecode.swift; path = NetworkClient.swift; sourceTree = "<group>"; };
		30814EC825CB1D5100466D9C /* CommitsError.swift */ = {isa = PBXFileReference; lastKnownFileType = sourcecode.swift; path = CommitsError.swift; sourceTree = "<group>"; };
		30814ECE25CB1EC400466D9C /* NetworkClientTests.swift */ = {isa = PBXFileReference; lastKnownFileType = sourcecode.swift; path = NetworkClientTests.swift; sourceTree = "<group>"; };
		30814ED525CB23EE00466D9C /* MockGenericCodableResponse.swift */ = {isa = PBXFileReference; lastKnownFileType = sourcecode.swift; path = MockGenericCodableResponse.swift; sourceTree = "<group>"; };
		30814EDC25CB24E800466D9C /* Result+Value.swift */ = {isa = PBXFileReference; lastKnownFileType = sourcecode.swift; path = "Result+Value.swift"; sourceTree = "<group>"; };
		30814EE025CB264E00466D9C /* FakeURLResponse.swift */ = {isa = PBXFileReference; lastKnownFileType = sourcecode.swift; path = FakeURLResponse.swift; sourceTree = "<group>"; };
		30814EE425CB29F000466D9C /* MockURLSession.swift */ = {isa = PBXFileReference; lastKnownFileType = sourcecode.swift; path = MockURLSession.swift; sourceTree = "<group>"; };
		30814EE825CB2D3100466D9C /* MockEndpoints.swift */ = {isa = PBXFileReference; lastKnownFileType = sourcecode.swift; path = MockEndpoints.swift; sourceTree = "<group>"; };
		30814EED25CB349B00466D9C /* CommitsResponse.swift */ = {isa = PBXFileReference; lastKnownFileType = sourcecode.swift; path = CommitsResponse.swift; sourceTree = "<group>"; };
		30814EF125CB389600466D9C /* CommitsEndpoint.swift */ = {isa = PBXFileReference; lastKnownFileType = sourcecode.swift; path = CommitsEndpoint.swift; sourceTree = "<group>"; };
		30814EF525CB3D1F00466D9C /* CommitsEndpointTests.swift */ = {isa = PBXFileReference; lastKnownFileType = sourcecode.swift; path = CommitsEndpointTests.swift; sourceTree = "<group>"; };
		30814EF925CB40CC00466D9C /* GitClient.swift */ = {isa = PBXFileReference; lastKnownFileType = sourcecode.swift; path = GitClient.swift; sourceTree = "<group>"; };
		30814EFD25CB40F000466D9C /* GitClientele.swift */ = {isa = PBXFileReference; lastKnownFileType = sourcecode.swift; path = GitClientele.swift; sourceTree = "<group>"; };
		30814F0125CB434000466D9C /* GitClientTests.swift */ = {isa = PBXFileReference; lastKnownFileType = sourcecode.swift; path = GitClientTests.swift; sourceTree = "<group>"; };
		30814F0525CB43A700466D9C /* MockNetworkClient.swift */ = {isa = PBXFileReference; lastKnownFileType = sourcecode.swift; path = MockNetworkClient.swift; sourceTree = "<group>"; };
		30814F0D25CB460300466D9C /* FakeNetworkClient.swift */ = {isa = PBXFileReference; lastKnownFileType = sourcecode.swift; path = FakeNetworkClient.swift; sourceTree = "<group>"; };
		30814F1225CB4E6A00466D9C /* GitCommitsJson.swift */ = {isa = PBXFileReference; lastKnownFileType = sourcecode.swift; path = GitCommitsJson.swift; sourceTree = "<group>"; };
		30814F1925CB510500466D9C /* GitCommitsViewModel.swift */ = {isa = PBXFileReference; lastKnownFileType = sourcecode.swift; path = GitCommitsViewModel.swift; sourceTree = "<group>"; };
		30814F1D25CB512300466D9C /* GitCommitsViewModelProtocol.swift */ = {isa = PBXFileReference; lastKnownFileType = sourcecode.swift; path = GitCommitsViewModelProtocol.swift; sourceTree = "<group>"; };
		30814F2125CB526200466D9C /* GitCommitsViewModelTests.swift */ = {isa = PBXFileReference; lastKnownFileType = sourcecode.swift; path = GitCommitsViewModelTests.swift; sourceTree = "<group>"; };
		30814F2725CB527B00466D9C /* MockGitClient.swift */ = {isa = PBXFileReference; lastKnownFileType = sourcecode.swift; path = MockGitClient.swift; sourceTree = "<group>"; };
		30814F2B25CB543C00466D9C /* FakeGitClient.swift */ = {isa = PBXFileReference; lastKnownFileType = sourcecode.swift; path = FakeGitClient.swift; sourceTree = "<group>"; };
		30814F3525CB5EB900466D9C /* CommitsModel.swift */ = {isa = PBXFileReference; lastKnownFileType = sourcecode.swift; path = CommitsModel.swift; sourceTree = "<group>"; };
		30814F3925CB614C00466D9C /* CommitsCell.swift */ = {isa = PBXFileReference; lastKnownFileType = sourcecode.swift; path = CommitsCell.swift; sourceTree = "<group>"; };
		30DED6E125CA3B51008149C5 /* GMCodingApp.app */ = {isa = PBXFileReference; explicitFileType = wrapper.application; includeInIndex = 0; path = GMCodingApp.app; sourceTree = BUILT_PRODUCTS_DIR; };
		30DED6E425CA3B51008149C5 /* AppDelegate.swift */ = {isa = PBXFileReference; lastKnownFileType = sourcecode.swift; path = AppDelegate.swift; sourceTree = "<group>"; };
		30DED6E625CA3B51008149C5 /* SceneDelegate.swift */ = {isa = PBXFileReference; lastKnownFileType = sourcecode.swift; path = SceneDelegate.swift; sourceTree = "<group>"; };
		30DED6ED25CA3B53008149C5 /* Assets.xcassets */ = {isa = PBXFileReference; lastKnownFileType = folder.assetcatalog; path = Assets.xcassets; sourceTree = "<group>"; };
		30DED6F025CA3B53008149C5 /* Base */ = {isa = PBXFileReference; lastKnownFileType = file.storyboard; name = Base; path = Base.lproj/LaunchScreen.storyboard; sourceTree = "<group>"; };
		30DED6F225CA3B53008149C5 /* Info.plist */ = {isa = PBXFileReference; lastKnownFileType = text.plist.xml; path = Info.plist; sourceTree = "<group>"; };
		30DED6F725CA3B54008149C5 /* GMCodingAppTests.xctest */ = {isa = PBXFileReference; explicitFileType = wrapper.cfbundle; includeInIndex = 0; path = GMCodingAppTests.xctest; sourceTree = BUILT_PRODUCTS_DIR; };
		30DED6FD25CA3B54008149C5 /* Info.plist */ = {isa = PBXFileReference; lastKnownFileType = text.plist.xml; path = Info.plist; sourceTree = "<group>"; };
		30DED70225CA3B54008149C5 /* GMCodingAppUITests.xctest */ = {isa = PBXFileReference; explicitFileType = wrapper.cfbundle; includeInIndex = 0; path = GMCodingAppUITests.xctest; sourceTree = BUILT_PRODUCTS_DIR; };
		30DED70625CA3B54008149C5 /* GMCodingAppUITests.swift */ = {isa = PBXFileReference; lastKnownFileType = sourcecode.swift; path = GMCodingAppUITests.swift; sourceTree = "<group>"; };
		30DED70825CA3B54008149C5 /* Info.plist */ = {isa = PBXFileReference; lastKnownFileType = text.plist.xml; path = Info.plist; sourceTree = "<group>"; };
/* End PBXFileReference section */

/* Begin PBXFrameworksBuildPhase section */
		30DED6DE25CA3B51008149C5 /* Frameworks */ = {
			isa = PBXFrameworksBuildPhase;
			buildActionMask = 2147483647;
			files = (
				30814EAD25CB067600466D9C /* RxSwift.xcframework in Frameworks */,
				30814EA725CB067600466D9C /* RxBlocking.xcframework in Frameworks */,
				30814EAB25CB067600466D9C /* RxRelay.xcframework in Frameworks */,
				30814EA525CB067600466D9C /* SnapKit.xcframework in Frameworks */,
				30814EA925CB067600466D9C /* RxCocoa.xcframework in Frameworks */,
			);
			runOnlyForDeploymentPostprocessing = 0;
		};
		30DED6F425CA3B54008149C5 /* Frameworks */ = {
			isa = PBXFrameworksBuildPhase;
			buildActionMask = 2147483647;
			files = (
				30271BDD25CB874000A9D4E8 /* SnapshotTesting.xcframework in Frameworks */,
			);
			runOnlyForDeploymentPostprocessing = 0;
		};
		30DED6FF25CA3B54008149C5 /* Frameworks */ = {
			isa = PBXFrameworksBuildPhase;
			buildActionMask = 2147483647;
			files = (
			);
			runOnlyForDeploymentPostprocessing = 0;
		};
/* End PBXFrameworksBuildPhase section */

/* Begin PBXGroup section */
		30271BF625CB8E9D00A9D4E8 /* Mocks */ = {
			isa = PBXGroup;
			children = (
				30814EE825CB2D3100466D9C /* MockEndpoints.swift */,
				30814F2725CB527B00466D9C /* MockGitClient.swift */,
				30814F0525CB43A700466D9C /* MockNetworkClient.swift */,
				30814EE425CB29F000466D9C /* MockURLSession.swift */,
				30814ED525CB23EE00466D9C /* MockGenericCodableResponse.swift */,
			);
			path = Mocks;
			sourceTree = "<group>";
		};
		30271BF725CB8EA600A9D4E8 /* Fakes */ = {
			isa = PBXGroup;
			children = (
				30814F2B25CB543C00466D9C /* FakeGitClient.swift */,
				30271BEC25CB8A6500A9D4E8 /* FakeGitCommitsViewModel.swift */,
				30814F0D25CB460300466D9C /* FakeNetworkClient.swift */,
				30814EE025CB264E00466D9C /* FakeURLResponse.swift */,
			);
			path = Fakes;
			sourceTree = "<group>";
		};
		30814E8E25CB05A600466D9C /* ViewControllers */ = {
			isa = PBXGroup;
			children = (
				30814E9025CB05C200466D9C /* BaseViewController.swift */,
				30814E9525CB05D200466D9C /* CommitsViewController.swift */,
			);
			path = ViewControllers;
			sourceTree = "<group>";
		};
		30814E8F25CB05AF00466D9C /* View */ = {
			isa = PBXGroup;
			children = (
				30814E9A25CB05E000466D9C /* CommitsView.swift */,
				30814F3925CB614C00466D9C /* CommitsCell.swift */,
			);
			path = View;
			sourceTree = "<group>";
		};
		30814E9F25CB067600466D9C /* Frameworks */ = {
			isa = PBXGroup;
			children = (
				30814EA125CB067600466D9C /* RxBlocking.xcframework */,
				30814EA225CB067600466D9C /* RxCocoa.xcframework */,
				30814EA325CB067600466D9C /* RxRelay.xcframework */,
				30814EA425CB067600466D9C /* RxSwift.xcframework */,
				30814EA025CB067600466D9C /* SnapKit.xcframework */,
			);
			name = Frameworks;
			sourceTree = "<group>";
		};
		30814EB825CB0D1700466D9C /* Network */ = {
			isa = PBXGroup;
			children = (
				30814EBD25CB0D7500466D9C /* Endpoint.swift */,
				30814EF125CB389600466D9C /* CommitsEndpoint.swift */,
				30814EB925CB0D4600466D9C /* NetworkClientele.swift */,
				30814EFD25CB40F000466D9C /* GitClientele.swift */,
				30814EC125CB0E3500466D9C /* NetworkClient.swift */,
				30814EF925CB40CC00466D9C /* GitClient.swift */,
			);
			path = Network;
			sourceTree = "<group>";
		};
		30814EC725CB1D2C00466D9C /* Error */ = {
			isa = PBXGroup;
			children = (
				30814EC825CB1D5100466D9C /* CommitsError.swift */,
			);
			path = Error;
			sourceTree = "<group>";
		};
		30814ED425CB23CD00466D9C /* TestDoubles */ = {
			isa = PBXGroup;
			children = (
				30271BF625CB8E9D00A9D4E8 /* Mocks */,
				30271BF725CB8EA600A9D4E8 /* Fakes */,
				30814F1125CB4E3700466D9C /* Json Mocks */,
			);
			path = TestDoubles;
			sourceTree = "<group>";
		};
		30814EDB25CB24C800466D9C /* Extensions */ = {
			isa = PBXGroup;
			children = (
				30814EDC25CB24E800466D9C /* Result+Value.swift */,
			);
			path = Extensions;
			sourceTree = "<group>";
		};
		30814EEC25CB346800466D9C /* Model */ = {
			isa = PBXGroup;
			children = (
				30814EED25CB349B00466D9C /* CommitsResponse.swift */,
				30814F3525CB5EB900466D9C /* CommitsModel.swift */,
			);
			path = Model;
			sourceTree = "<group>";
		};
		30814F1125CB4E3700466D9C /* Json Mocks */ = {
			isa = PBXGroup;
			children = (
				30814F1225CB4E6A00466D9C /* GitCommitsJson.swift */,
			);
			path = "Json Mocks";
			sourceTree = "<group>";
		};
		30814F1825CB508400466D9C /* ViewModel */ = {
			isa = PBXGroup;
			children = (
				30814F1925CB510500466D9C /* GitCommitsViewModel.swift */,
				30814F1D25CB512300466D9C /* GitCommitsViewModelProtocol.swift */,
			);
			path = ViewModel;
			sourceTree = "<group>";
		};
		30DED6D825CA3B51008149C5 = {
			isa = PBXGroup;
			children = (
				30271BD925CB872600A9D4E8 /* SnapshotTesting.xcframework */,
				30DED6E325CA3B51008149C5 /* GMCodingApp */,
				30DED6FA25CA3B54008149C5 /* GMCodingAppTests */,
				30DED70525CA3B54008149C5 /* GMCodingAppUITests */,
				30DED6E225CA3B51008149C5 /* Products */,
				30814E9F25CB067600466D9C /* Frameworks */,
			);
			sourceTree = "<group>";
		};
		30DED6E225CA3B51008149C5 /* Products */ = {
			isa = PBXGroup;
			children = (
				30DED6E125CA3B51008149C5 /* GMCodingApp.app */,
				30DED6F725CA3B54008149C5 /* GMCodingAppTests.xctest */,
				30DED70225CA3B54008149C5 /* GMCodingAppUITests.xctest */,
			);
			name = Products;
			sourceTree = "<group>";
		};
		30DED6E325CA3B51008149C5 /* GMCodingApp */ = {
			isa = PBXGroup;
			children = (
				30814E8E25CB05A600466D9C /* ViewControllers */,
				30814E8F25CB05AF00466D9C /* View */,
				30814EEC25CB346800466D9C /* Model */,
				30814F1825CB508400466D9C /* ViewModel */,
				30814EB825CB0D1700466D9C /* Network */,
				30814EDB25CB24C800466D9C /* Extensions */,
				30814EC725CB1D2C00466D9C /* Error */,
				30DED6E425CA3B51008149C5 /* AppDelegate.swift */,
				30DED6E625CA3B51008149C5 /* SceneDelegate.swift */,
				30DED6ED25CA3B53008149C5 /* Assets.xcassets */,
				30DED6EF25CA3B53008149C5 /* LaunchScreen.storyboard */,
				30DED6F225CA3B53008149C5 /* Info.plist */,
			);
			path = GMCodingApp;
			sourceTree = "<group>";
		};
		30DED6FA25CA3B54008149C5 /* GMCodingAppTests */ = {
			isa = PBXGroup;
			children = (
				30814ECE25CB1EC400466D9C /* NetworkClientTests.swift */,
				30814EF525CB3D1F00466D9C /* CommitsEndpointTests.swift */,
				30814F0125CB434000466D9C /* GitClientTests.swift */,
				30814F2125CB526200466D9C /* GitCommitsViewModelTests.swift */,
				30271BE025CB879500A9D4E8 /* CommitsViewControllerSnapShotTests.swift */,
				30814ED425CB23CD00466D9C /* TestDoubles */,
				30DED6FD25CA3B54008149C5 /* Info.plist */,
			);
			path = GMCodingAppTests;
			sourceTree = "<group>";
		};
		30DED70525CA3B54008149C5 /* GMCodingAppUITests */ = {
			isa = PBXGroup;
			children = (
				30DED70625CA3B54008149C5 /* GMCodingAppUITests.swift */,
				30DED70825CA3B54008149C5 /* Info.plist */,
			);
			path = GMCodingAppUITests;
			sourceTree = "<group>";
		};
/* End PBXGroup section */

/* Begin PBXNativeTarget section */
		30DED6E025CA3B51008149C5 /* GMCodingApp */ = {
			isa = PBXNativeTarget;
			buildConfigurationList = 30DED70B25CA3B54008149C5 /* Build configuration list for PBXNativeTarget "GMCodingApp" */;
			buildPhases = (
				30DED6DD25CA3B51008149C5 /* Sources */,
				30DED6DE25CA3B51008149C5 /* Frameworks */,
				30DED6DF25CA3B51008149C5 /* Resources */,
				30814EAF25CB067600466D9C /* Embed Frameworks */,
			);
			buildRules = (
			);
			dependencies = (
			);
			name = GMCodingApp;
			productName = GMCodingApp;
			productReference = 30DED6E125CA3B51008149C5 /* GMCodingApp.app */;
			productType = "com.apple.product-type.application";
		};
		30DED6F625CA3B54008149C5 /* GMCodingAppTests */ = {
			isa = PBXNativeTarget;
			buildConfigurationList = 30DED70E25CA3B54008149C5 /* Build configuration list for PBXNativeTarget "GMCodingAppTests" */;
			buildPhases = (
				30DED6F325CA3B54008149C5 /* Sources */,
				30DED6F425CA3B54008149C5 /* Frameworks */,
				30DED6F525CA3B54008149C5 /* Resources */,
			);
			buildRules = (
			);
			dependencies = (
				30DED6F925CA3B54008149C5 /* PBXTargetDependency */,
			);
			name = GMCodingAppTests;
			productName = GMCodingAppTests;
			productReference = 30DED6F725CA3B54008149C5 /* GMCodingAppTests.xctest */;
			productType = "com.apple.product-type.bundle.unit-test";
		};
		30DED70125CA3B54008149C5 /* GMCodingAppUITests */ = {
			isa = PBXNativeTarget;
			buildConfigurationList = 30DED71125CA3B54008149C5 /* Build configuration list for PBXNativeTarget "GMCodingAppUITests" */;
			buildPhases = (
				30DED6FE25CA3B54008149C5 /* Sources */,
				30DED6FF25CA3B54008149C5 /* Frameworks */,
				30DED70025CA3B54008149C5 /* Resources */,
			);
			buildRules = (
			);
			dependencies = (
				30DED70425CA3B54008149C5 /* PBXTargetDependency */,
			);
			name = GMCodingAppUITests;
			productName = GMCodingAppUITests;
			productReference = 30DED70225CA3B54008149C5 /* GMCodingAppUITests.xctest */;
			productType = "com.apple.product-type.bundle.ui-testing";
		};
/* End PBXNativeTarget section */

/* Begin PBXProject section */
		30DED6D925CA3B51008149C5 /* Project object */ = {
			isa = PBXProject;
			attributes = {
				LastSwiftUpdateCheck = 1240;
				LastUpgradeCheck = 1240;
				TargetAttributes = {
					30DED6E025CA3B51008149C5 = {
						CreatedOnToolsVersion = 12.4;
					};
					30DED6F625CA3B54008149C5 = {
						CreatedOnToolsVersion = 12.4;
						TestTargetID = 30DED6E025CA3B51008149C5;
					};
					30DED70125CA3B54008149C5 = {
						CreatedOnToolsVersion = 12.4;
						TestTargetID = 30DED6E025CA3B51008149C5;
					};
				};
			};
			buildConfigurationList = 30DED6DC25CA3B51008149C5 /* Build configuration list for PBXProject "GMCodingApp" */;
			compatibilityVersion = "Xcode 9.3";
			developmentRegion = en;
			hasScannedForEncodings = 0;
			knownRegions = (
				en,
				Base,
			);
			mainGroup = 30DED6D825CA3B51008149C5;
			productRefGroup = 30DED6E225CA3B51008149C5 /* Products */;
			projectDirPath = "";
			projectRoot = "";
			targets = (
				30DED6E025CA3B51008149C5 /* GMCodingApp */,
				30DED6F625CA3B54008149C5 /* GMCodingAppTests */,
				30DED70125CA3B54008149C5 /* GMCodingAppUITests */,
			);
		};
/* End PBXProject section */

/* Begin PBXResourcesBuildPhase section */
		30DED6DF25CA3B51008149C5 /* Resources */ = {
			isa = PBXResourcesBuildPhase;
			buildActionMask = 2147483647;
			files = (
				30DED6F125CA3B53008149C5 /* LaunchScreen.storyboard in Resources */,
				30DED6EE25CA3B53008149C5 /* Assets.xcassets in Resources */,
			);
			runOnlyForDeploymentPostprocessing = 0;
		};
		30DED6F525CA3B54008149C5 /* Resources */ = {
			isa = PBXResourcesBuildPhase;
			buildActionMask = 2147483647;
			files = (
			);
			runOnlyForDeploymentPostprocessing = 0;
		};
		30DED70025CA3B54008149C5 /* Resources */ = {
			isa = PBXResourcesBuildPhase;
			buildActionMask = 2147483647;
			files = (
			);
			runOnlyForDeploymentPostprocessing = 0;
		};
/* End PBXResourcesBuildPhase section */

/* Begin PBXSourcesBuildPhase section */
		30DED6DD25CA3B51008149C5 /* Sources */ = {
			isa = PBXSourcesBuildPhase;
			buildActionMask = 2147483647;
			files = (
				30814EBE25CB0D7500466D9C /* Endpoint.swift in Sources */,
				30DED6E525CA3B51008149C5 /* AppDelegate.swift in Sources */,
				30814E9625CB05D200466D9C /* CommitsViewController.swift in Sources */,
				30814F3625CB5EB900466D9C /* CommitsModel.swift in Sources */,
				30DED6E725CA3B51008149C5 /* SceneDelegate.swift in Sources */,
				30814EC925CB1D5100466D9C /* CommitsError.swift in Sources */,
				30814F3A25CB614C00466D9C /* CommitsCell.swift in Sources */,
				30814E9B25CB05E000466D9C /* CommitsView.swift in Sources */,
				30814EDD25CB24E800466D9C /* Result+Value.swift in Sources */,
				30814EBA25CB0D4600466D9C /* NetworkClientele.swift in Sources */,
				30814F1A25CB510500466D9C /* GitCommitsViewModel.swift in Sources */,
				30814EFE25CB40F000466D9C /* GitClientele.swift in Sources */,
				30814EFA25CB40CC00466D9C /* GitClient.swift in Sources */,
				30814E9125CB05C200466D9C /* BaseViewController.swift in Sources */,
				30814EF225CB389600466D9C /* CommitsEndpoint.swift in Sources */,
				30814EC225CB0E3500466D9C /* NetworkClient.swift in Sources */,
				30814F1E25CB512300466D9C /* GitCommitsViewModelProtocol.swift in Sources */,
				30814EEE25CB349B00466D9C /* CommitsResponse.swift in Sources */,
			);
			runOnlyForDeploymentPostprocessing = 0;
		};
		30DED6F325CA3B54008149C5 /* Sources */ = {
			isa = PBXSourcesBuildPhase;
			buildActionMask = 2147483647;
			files = (
				30814ED625CB23EE00466D9C /* MockGenericCodableResponse.swift in Sources */,
				30814EF625CB3D1F00466D9C /* CommitsEndpointTests.swift in Sources */,
				30814F0E25CB460300466D9C /* FakeNetworkClient.swift in Sources */,
				30814F1325CB4E6A00466D9C /* GitCommitsJson.swift in Sources */,
				30814F2825CB527B00466D9C /* MockGitClient.swift in Sources */,
				30814EE125CB264E00466D9C /* FakeURLResponse.swift in Sources */,
				30271BE125CB879500A9D4E8 /* CommitsViewControllerSnapShotTests.swift in Sources */,
				30271BED25CB8A6500A9D4E8 /* FakeGitCommitsViewModel.swift in Sources */,
				30814EE925CB2D3100466D9C /* MockEndpoints.swift in Sources */,
				30814F0225CB434000466D9C /* GitClientTests.swift in Sources */,
				30814F2225CB526200466D9C /* GitCommitsViewModelTests.swift in Sources */,
				30814EE525CB29F000466D9C /* MockURLSession.swift in Sources */,
				30814F0625CB43A700466D9C /* MockNetworkClient.swift in Sources */,
				30814F2C25CB543C00466D9C /* FakeGitClient.swift in Sources */,
				30814ECF25CB1EC400466D9C /* NetworkClientTests.swift in Sources */,
			);
			runOnlyForDeploymentPostprocessing = 0;
		};
		30DED6FE25CA3B54008149C5 /* Sources */ = {
			isa = PBXSourcesBuildPhase;
			buildActionMask = 2147483647;
			files = (
				30DED70725CA3B54008149C5 /* GMCodingAppUITests.swift in Sources */,
			);
			runOnlyForDeploymentPostprocessing = 0;
		};
/* End PBXSourcesBuildPhase section */

/* Begin PBXTargetDependency section */
		30DED6F925CA3B54008149C5 /* PBXTargetDependency */ = {
			isa = PBXTargetDependency;
			target = 30DED6E025CA3B51008149C5 /* GMCodingApp */;
			targetProxy = 30DED6F825CA3B54008149C5 /* PBXContainerItemProxy */;
		};
		30DED70425CA3B54008149C5 /* PBXTargetDependency */ = {
			isa = PBXTargetDependency;
			target = 30DED6E025CA3B51008149C5 /* GMCodingApp */;
			targetProxy = 30DED70325CA3B54008149C5 /* PBXContainerItemProxy */;
		};
/* End PBXTargetDependency section */

/* Begin PBXVariantGroup section */
		30DED6EF25CA3B53008149C5 /* LaunchScreen.storyboard */ = {
			isa = PBXVariantGroup;
			children = (
				30DED6F025CA3B53008149C5 /* Base */,
			);
			name = LaunchScreen.storyboard;
			sourceTree = "<group>";
		};
/* End PBXVariantGroup section */

/* Begin XCBuildConfiguration section */
		30DED70925CA3B54008149C5 /* Debug */ = {
			isa = XCBuildConfiguration;
			buildSettings = {
				ALWAYS_SEARCH_USER_PATHS = NO;
				CLANG_ANALYZER_NONNULL = YES;
				CLANG_ANALYZER_NUMBER_OBJECT_CONVERSION = YES_AGGRESSIVE;
				CLANG_CXX_LANGUAGE_STANDARD = "gnu++14";
				CLANG_CXX_LIBRARY = "libc++";
				CLANG_ENABLE_MODULES = YES;
				CLANG_ENABLE_OBJC_ARC = YES;
				CLANG_ENABLE_OBJC_WEAK = YES;
				CLANG_WARN_BLOCK_CAPTURE_AUTORELEASING = YES;
				CLANG_WARN_BOOL_CONVERSION = YES;
				CLANG_WARN_COMMA = YES;
				CLANG_WARN_CONSTANT_CONVERSION = YES;
				CLANG_WARN_DEPRECATED_OBJC_IMPLEMENTATIONS = YES;
				CLANG_WARN_DIRECT_OBJC_ISA_USAGE = YES_ERROR;
				CLANG_WARN_DOCUMENTATION_COMMENTS = YES;
				CLANG_WARN_EMPTY_BODY = YES;
				CLANG_WARN_ENUM_CONVERSION = YES;
				CLANG_WARN_INFINITE_RECURSION = YES;
				CLANG_WARN_INT_CONVERSION = YES;
				CLANG_WARN_NON_LITERAL_NULL_CONVERSION = YES;
				CLANG_WARN_OBJC_IMPLICIT_RETAIN_SELF = YES;
				CLANG_WARN_OBJC_LITERAL_CONVERSION = YES;
				CLANG_WARN_OBJC_ROOT_CLASS = YES_ERROR;
				CLANG_WARN_QUOTED_INCLUDE_IN_FRAMEWORK_HEADER = YES;
				CLANG_WARN_RANGE_LOOP_ANALYSIS = YES;
				CLANG_WARN_STRICT_PROTOTYPES = YES;
				CLANG_WARN_SUSPICIOUS_MOVE = YES;
				CLANG_WARN_UNGUARDED_AVAILABILITY = YES_AGGRESSIVE;
				CLANG_WARN_UNREACHABLE_CODE = YES;
				CLANG_WARN__DUPLICATE_METHOD_MATCH = YES;
				COPY_PHASE_STRIP = NO;
				DEBUG_INFORMATION_FORMAT = dwarf;
				ENABLE_STRICT_OBJC_MSGSEND = YES;
				ENABLE_TESTABILITY = YES;
				GCC_C_LANGUAGE_STANDARD = gnu11;
				GCC_DYNAMIC_NO_PIC = NO;
				GCC_NO_COMMON_BLOCKS = YES;
				GCC_OPTIMIZATION_LEVEL = 0;
				GCC_PREPROCESSOR_DEFINITIONS = (
					"DEBUG=1",
					"$(inherited)",
				);
				GCC_WARN_64_TO_32_BIT_CONVERSION = YES;
				GCC_WARN_ABOUT_RETURN_TYPE = YES_ERROR;
				GCC_WARN_UNDECLARED_SELECTOR = YES;
				GCC_WARN_UNINITIALIZED_AUTOS = YES_AGGRESSIVE;
				GCC_WARN_UNUSED_FUNCTION = YES;
				GCC_WARN_UNUSED_VARIABLE = YES;
				IPHONEOS_DEPLOYMENT_TARGET = 14.4;
				MTL_ENABLE_DEBUG_INFO = INCLUDE_SOURCE;
				MTL_FAST_MATH = YES;
				ONLY_ACTIVE_ARCH = YES;
				SDKROOT = iphoneos;
				SWIFT_ACTIVE_COMPILATION_CONDITIONS = DEBUG;
				SWIFT_OPTIMIZATION_LEVEL = "-Onone";
			};
			name = Debug;
		};
		30DED70A25CA3B54008149C5 /* Release */ = {
			isa = XCBuildConfiguration;
			buildSettings = {
				ALWAYS_SEARCH_USER_PATHS = NO;
				CLANG_ANALYZER_NONNULL = YES;
				CLANG_ANALYZER_NUMBER_OBJECT_CONVERSION = YES_AGGRESSIVE;
				CLANG_CXX_LANGUAGE_STANDARD = "gnu++14";
				CLANG_CXX_LIBRARY = "libc++";
				CLANG_ENABLE_MODULES = YES;
				CLANG_ENABLE_OBJC_ARC = YES;
				CLANG_ENABLE_OBJC_WEAK = YES;
				CLANG_WARN_BLOCK_CAPTURE_AUTORELEASING = YES;
				CLANG_WARN_BOOL_CONVERSION = YES;
				CLANG_WARN_COMMA = YES;
				CLANG_WARN_CONSTANT_CONVERSION = YES;
				CLANG_WARN_DEPRECATED_OBJC_IMPLEMENTATIONS = YES;
				CLANG_WARN_DIRECT_OBJC_ISA_USAGE = YES_ERROR;
				CLANG_WARN_DOCUMENTATION_COMMENTS = YES;
				CLANG_WARN_EMPTY_BODY = YES;
				CLANG_WARN_ENUM_CONVERSION = YES;
				CLANG_WARN_INFINITE_RECURSION = YES;
				CLANG_WARN_INT_CONVERSION = YES;
				CLANG_WARN_NON_LITERAL_NULL_CONVERSION = YES;
				CLANG_WARN_OBJC_IMPLICIT_RETAIN_SELF = YES;
				CLANG_WARN_OBJC_LITERAL_CONVERSION = YES;
				CLANG_WARN_OBJC_ROOT_CLASS = YES_ERROR;
				CLANG_WARN_QUOTED_INCLUDE_IN_FRAMEWORK_HEADER = YES;
				CLANG_WARN_RANGE_LOOP_ANALYSIS = YES;
				CLANG_WARN_STRICT_PROTOTYPES = YES;
				CLANG_WARN_SUSPICIOUS_MOVE = YES;
				CLANG_WARN_UNGUARDED_AVAILABILITY = YES_AGGRESSIVE;
				CLANG_WARN_UNREACHABLE_CODE = YES;
				CLANG_WARN__DUPLICATE_METHOD_MATCH = YES;
				COPY_PHASE_STRIP = NO;
				DEBUG_INFORMATION_FORMAT = "dwarf-with-dsym";
				ENABLE_NS_ASSERTIONS = NO;
				ENABLE_STRICT_OBJC_MSGSEND = YES;
				GCC_C_LANGUAGE_STANDARD = gnu11;
				GCC_NO_COMMON_BLOCKS = YES;
				GCC_WARN_64_TO_32_BIT_CONVERSION = YES;
				GCC_WARN_ABOUT_RETURN_TYPE = YES_ERROR;
				GCC_WARN_UNDECLARED_SELECTOR = YES;
				GCC_WARN_UNINITIALIZED_AUTOS = YES_AGGRESSIVE;
				GCC_WARN_UNUSED_FUNCTION = YES;
				GCC_WARN_UNUSED_VARIABLE = YES;
				IPHONEOS_DEPLOYMENT_TARGET = 14.4;
				MTL_ENABLE_DEBUG_INFO = NO;
				MTL_FAST_MATH = YES;
				SDKROOT = iphoneos;
				SWIFT_COMPILATION_MODE = wholemodule;
				SWIFT_OPTIMIZATION_LEVEL = "-O";
				VALIDATE_PRODUCT = YES;
			};
			name = Release;
		};
		30DED70C25CA3B54008149C5 /* Debug */ = {
			isa = XCBuildConfiguration;
			buildSettings = {
				ASSETCATALOG_COMPILER_APPICON_NAME = AppIcon;
				ASSETCATALOG_COMPILER_GLOBAL_ACCENT_COLOR_NAME = AccentColor;
				CODE_SIGN_STYLE = Automatic;
				INFOPLIST_FILE = GMCodingApp/Info.plist;
				LD_RUNPATH_SEARCH_PATHS = (
					"$(inherited)",
					"@executable_path/Frameworks",
				);
				PRODUCT_BUNDLE_IDENTIFIER = com.git.GMCodingApp;
				PRODUCT_NAME = "$(TARGET_NAME)";
				SWIFT_VERSION = 5.0;
				TARGETED_DEVICE_FAMILY = "1,2";
			};
			name = Debug;
		};
		30DED70D25CA3B54008149C5 /* Release */ = {
			isa = XCBuildConfiguration;
			buildSettings = {
				ASSETCATALOG_COMPILER_APPICON_NAME = AppIcon;
				ASSETCATALOG_COMPILER_GLOBAL_ACCENT_COLOR_NAME = AccentColor;
				CODE_SIGN_STYLE = Automatic;
				INFOPLIST_FILE = GMCodingApp/Info.plist;
				LD_RUNPATH_SEARCH_PATHS = (
					"$(inherited)",
					"@executable_path/Frameworks",
				);
				PRODUCT_BUNDLE_IDENTIFIER = com.git.GMCodingApp;
				PRODUCT_NAME = "$(TARGET_NAME)";
				SWIFT_VERSION = 5.0;
				TARGETED_DEVICE_FAMILY = "1,2";
			};
			name = Release;
		};
		30DED70F25CA3B54008149C5 /* Debug */ = {
			isa = XCBuildConfiguration;
			buildSettings = {
				ALWAYS_EMBED_SWIFT_STANDARD_LIBRARIES = YES;
				BUNDLE_LOADER = "$(TEST_HOST)";
				CODE_SIGN_STYLE = Automatic;
				INFOPLIST_FILE = GMCodingAppTests/Info.plist;
				IPHONEOS_DEPLOYMENT_TARGET = 14.4;
				LD_RUNPATH_SEARCH_PATHS = (
					"$(inherited)",
					"@executable_path/Frameworks",
					"@loader_path/Frameworks",
				);
				PRODUCT_BUNDLE_IDENTIFIER = com.git.GMCodingAppTests;
				PRODUCT_NAME = "$(TARGET_NAME)";
				SWIFT_VERSION = 5.0;
				TARGETED_DEVICE_FAMILY = "1,2";
				TEST_HOST = "$(BUILT_PRODUCTS_DIR)/GMCodingApp.app/GMCodingApp";
			};
			name = Debug;
		};
		30DED71025CA3B54008149C5 /* Release */ = {
			isa = XCBuildConfiguration;
			buildSettings = {
				ALWAYS_EMBED_SWIFT_STANDARD_LIBRARIES = YES;
				BUNDLE_LOADER = "$(TEST_HOST)";
				CODE_SIGN_STYLE = Automatic;
				INFOPLIST_FILE = GMCodingAppTests/Info.plist;
				IPHONEOS_DEPLOYMENT_TARGET = 14.4;
				LD_RUNPATH_SEARCH_PATHS = (
					"$(inherited)",
					"@executable_path/Frameworks",
					"@loader_path/Frameworks",
				);
				PRODUCT_BUNDLE_IDENTIFIER = com.git.GMCodingAppTests;
				PRODUCT_NAME = "$(TARGET_NAME)";
				SWIFT_VERSION = 5.0;
				TARGETED_DEVICE_FAMILY = "1,2";
				TEST_HOST = "$(BUILT_PRODUCTS_DIR)/GMCodingApp.app/GMCodingApp";
			};
			name = Release;
		};
		30DED71225CA3B54008149C5 /* Debug */ = {
			isa = XCBuildConfiguration;
			buildSettings = {
				ALWAYS_EMBED_SWIFT_STANDARD_LIBRARIES = YES;
				CODE_SIGN_STYLE = Automatic;
				INFOPLIST_FILE = GMCodingAppUITests/Info.plist;
				LD_RUNPATH_SEARCH_PATHS = (
					"$(inherited)",
					"@executable_path/Frameworks",
					"@loader_path/Frameworks",
				);
				PRODUCT_BUNDLE_IDENTIFIER = com.git.GMCodingAppUITests;
				PRODUCT_NAME = "$(TARGET_NAME)";
				SWIFT_VERSION = 5.0;
				TARGETED_DEVICE_FAMILY = "1,2";
				TEST_TARGET_NAME = GMCodingApp;
			};
			name = Debug;
		};
		30DED71325CA3B54008149C5 /* Release */ = {
			isa = XCBuildConfiguration;
			buildSettings = {
				ALWAYS_EMBED_SWIFT_STANDARD_LIBRARIES = YES;
				CODE_SIGN_STYLE = Automatic;
				INFOPLIST_FILE = GMCodingAppUITests/Info.plist;
				LD_RUNPATH_SEARCH_PATHS = (
					"$(inherited)",
					"@executable_path/Frameworks",
					"@loader_path/Frameworks",
				);
				PRODUCT_BUNDLE_IDENTIFIER = com.git.GMCodingAppUITests;
				PRODUCT_NAME = "$(TARGET_NAME)";
				SWIFT_VERSION = 5.0;
				TARGETED_DEVICE_FAMILY = "1,2";
				TEST_TARGET_NAME = GMCodingApp;
			};
			name = Release;
		};
/* End XCBuildConfiguration section */

/* Begin XCConfigurationList section */
		30DED6DC25CA3B51008149C5 /* Build configuration list for PBXProject "GMCodingApp" */ = {
			isa = XCConfigurationList;
			buildConfigurations = (
				30DED70925CA3B54008149C5 /* Debug */,
				30DED70A25CA3B54008149C5 /* Release */,
			);
			defaultConfigurationIsVisible = 0;
			defaultConfigurationName = Release;
		};
		30DED70B25CA3B54008149C5 /* Build configuration list for PBXNativeTarget "GMCodingApp" */ = {
			isa = XCConfigurationList;
			buildConfigurations = (
				30DED70C25CA3B54008149C5 /* Debug */,
				30DED70D25CA3B54008149C5 /* Release */,
			);
			defaultConfigurationIsVisible = 0;
			defaultConfigurationName = Release;
		};
		30DED70E25CA3B54008149C5 /* Build configuration list for PBXNativeTarget "GMCodingAppTests" */ = {
			isa = XCConfigurationList;
			buildConfigurations = (
				30DED70F25CA3B54008149C5 /* Debug */,
				30DED71025CA3B54008149C5 /* Release */,
			);
			defaultConfigurationIsVisible = 0;
			defaultConfigurationName = Release;
		};
		30DED71125CA3B54008149C5 /* Build configuration list for PBXNativeTarget "GMCodingAppUITests" */ = {
			isa = XCConfigurationList;
			buildConfigurations = (
				30DED71225CA3B54008149C5 /* Debug */,
				30DED71325CA3B54008149C5 /* Release */,
			);
			defaultConfigurationIsVisible = 0;
			defaultConfigurationName = Release;
		};
/* End XCConfigurationList section */
	};
	rootObject = 30DED6D925CA3B51008149C5 /* Project object */;
}
